
Microsoft Visual Studio Solution File, Format Version 12.00
# Visual Studio Version 17
VisualStudioVersion = 17.14.36616.10
MinimumVisualStudioVersion = 10.0.40219.1
Project("{FAE04EC0-301F-11D3-BF4B-00C04F79EFBC}") = "highfield-backend", "highfield-backend\highfield-backend.csproj", "{0485275B-EFFD-4C57-9F0E-A0DE2182CC15}"
EndProject
Project("{FAE04EC0-301F-11D3-BF4B-00C04F79EFBC}") = "highfield-backend.Tests", "highfield-backend.Tests\highfield-backend.Tests.csproj", "{BDFDF1B1-E088-49AE-B683-F2DD06727F3F}"
EndProject
Global
	GlobalSection(SolutionConfigurationPlatforms) = preSolution
		Debug|Any CPU = Debug|Any CPU
		Debug|x64 = Debug|x64
		Debug|x86 = Debug|x86
		Release|Any CPU = Release|Any CPU
		Release|x64 = Release|x64
		Release|x86 = Release|x86
	EndGlobalSection
	GlobalSection(ProjectConfigurationPlatforms) = postSolution
		{0485275B-EFFD-4C57-9F0E-A0DE2182CC15}.Debug|Any CPU.ActiveCfg = Debug|Any CPU
		{0485275B-EFFD-4C57-9F0E-A0DE2182CC15}.Debug|Any CPU.Build.0 = Debug|Any CPU
		{0485275B-EFFD-4C57-9F0E-A0DE2182CC15}.Debug|x64.ActiveCfg = Debug|Any CPU
		{0485275B-EFFD-4C57-9F0E-A0DE2182CC15}.Debug|x64.Build.0 = Debug|Any CPU
		{0485275B-EFFD-4C57-9F0E-A0DE2182CC15}.Debug|x86.ActiveCfg = Debug|Any CPU
		{0485275B-EFFD-4C57-9F0E-A0DE2182CC15}.Debug|x86.Build.0 = Debug|Any CPU
		{0485275B-EFFD-4C57-9F0E-A0DE2182CC15}.Release|Any CPU.ActiveCfg = Release|Any CPU
		{0485275B-EFFD-4C57-9F0E-A0DE2182CC15}.Release|Any CPU.Build.0 = Release|Any CPU
		{0485275B-EFFD-4C57-9F0E-A0DE2182CC15}.Release|x64.ActiveCfg = Release|Any CPU
		{0485275B-EFFD-4C57-9F0E-A0DE2182CC15}.Release|x64.Build.0 = Release|Any CPU
		{0485275B-EFFD-4C57-9F0E-A0DE2182CC15}.Release|x86.ActiveCfg = Release|Any CPU
		{0485275B-EFFD-4C57-9F0E-A0DE2182CC15}.Release|x86.Build.0 = Release|Any CPU
		{BDFDF1B1-E088-49AE-B683-F2DD06727F3F}.Debug|Any CPU.ActiveCfg = Debug|Any CPU
		{BDFDF1B1-E088-49AE-B683-F2DD06727F3F}.Debug|Any CPU.Build.0 = Debug|Any CPU
		{BDFDF1B1-E088-49AE-B683-F2DD06727F3F}.Debug|x64.ActiveCfg = Debug|Any CPU
		{BDFDF1B1-E088-49AE-B683-F2DD06727F3F}.Debug|x64.Build.0 = Debug|Any CPU
		{BDFDF1B1-E088-49AE-B683-F2DD06727F3F}.Debug|x86.ActiveCfg = Debug|Any CPU
		{BDFDF1B1-E088-49AE-B683-F2DD06727F3F}.Debug|x86.Build.0 = Debug|Any CPU
		{BDFDF1B1-E088-49AE-B683-F2DD06727F3F}.Release|Any CPU.ActiveCfg = Release|Any CPU
		{BDFDF1B1-E088-49AE-B683-F2DD06727F3F}.Release|Any CPU.Build.0 = Release|Any CPU
		{BDFDF1B1-E088-49AE-B683-F2DD06727F3F}.Release|x64.ActiveCfg = Release|Any CPU
		{BDFDF1B1-E088-49AE-B683-F2DD06727F3F}.Release|x64.Build.0 = Release|Any CPU
		{BDFDF1B1-E088-49AE-B683-F2DD06727F3F}.Release|x86.ActiveCfg = Release|Any CPU
		{BDFDF1B1-E088-49AE-B683-F2DD06727F3F}.Release|x86.Build.0 = Release|Any CPU
	EndGlobalSection
	GlobalSection(SolutionProperties) = preSolution
		HideSolutionNode = FALSE
	EndGlobalSection
	GlobalSection(ExtensibilityGlobals) = postSolution
		SolutionGuid = {3F7B2F32-A580-4023-AAA4-674EAEBF2EA5}
	EndGlobalSection
EndGlobal
